PODS:
  - FlutterMacOS (1.0.0)
  - kotlin_native_example_plugin (0.0.3):
    - FlutterMacOS

DEPENDENCIES:
  - FlutterMacOS (from `Flutter/ephemeral/.symlinks/flutter/darwin-x64`)
  - kotlin_native_example_plugin (from `Flutter/ephemeral/.symlinks/plugins/kotlin_native_example_plugin/macos`)

EXTERNAL SOURCES:
  FlutterMacOS:
    :path: Flutter/ephemeral/.symlinks/flutter/darwin-x64
  kotlin_native_example_plugin:
    :path: Flutter/ephemeral/.symlinks/plugins/kotlin_native_example_plugin/macos

SPEC CHECKSUMS:
  FlutterMacOS: 15bea8a44d2fa024068daa0140371c020b4b6ff9
  kotlin_native_example_plugin: 9653d72bea6656a2d8dfd81e6d471658ad47eed0

PODFILE CHECKSUM: 2c44d578a2acaaed0401d0d3bb20d04d4b080703

COCOAPODS: 1.8.4
